
Microsoft Visual Studio Solution File, Format Version 12.00
# Visual Studio Version 16
VisualStudioVersion = 16.0.30309.148
MinimumVisualStudioVersion = 15.0.26124.0
Project("{9A19103F-16F7-4668-BE54-9A1E7A4F7556}") = "Identity.API", "Identity.API\Identity.API.csproj", "{E001C262-668C-4069-AACF-4E3DB38A6130}"
EndProject
Project("{9A19103F-16F7-4668-BE54-9A1E7A4F7556}") = "Identity.Domain", "Identity.Domain\Identity.Domain.csproj", "{6E60EA6D-E624-4594-A649-E0D673ED97DF}"
EndProject
Project("{FAE04EC0-301F-11D3-BF4B-00C04F79EFBC}") = "Identity.Infrastructure", "Identity.Infrastructure\Identity.Infrastructure.csproj", "{167149AD-2739-444D-BBC0-B38B2DCCC1DD}"
EndProject
Global
	GlobalSection(SolutionConfigurationPlatforms) = preSolution
		Debug|Any CPU = Debug|Any CPU
		Release|Any CPU = Release|Any CPU
	EndGlobalSection
	GlobalSection(ProjectConfigurationPlatforms) = postSolution
		{E001C262-668C-4069-AACF-4E3DB38A6130}.Debug|Any CPU.ActiveCfg = Debug|Any CPU
		{E001C262-668C-4069-AACF-4E3DB38A6130}.Debug|Any CPU.Build.0 = Debug|Any CPU
		{E001C262-668C-4069-AACF-4E3DB38A6130}.Release|Any CPU.ActiveCfg = Release|Any CPU
		{E001C262-668C-4069-AACF-4E3DB38A6130}.Release|Any CPU.Build.0 = Release|Any CPU
		{6E60EA6D-E624-4594-A649-E0D673ED97DF}.Debug|Any CPU.ActiveCfg = Debug|Any CPU
		{6E60EA6D-E624-4594-A649-E0D673ED97DF}.Debug|Any CPU.Build.0 = Debug|Any CPU
		{6E60EA6D-E624-4594-A649-E0D673ED97DF}.Release|Any CPU.ActiveCfg = Release|Any CPU
		{6E60EA6D-E624-4594-A649-E0D673ED97DF}.Release|Any CPU.Build.0 = Release|Any CPU
		{167149AD-2739-444D-BBC0-B38B2DCCC1DD}.Debug|Any CPU.ActiveCfg = Debug|Any CPU
		{167149AD-2739-444D-BBC0-B38B2DCCC1DD}.Debug|Any CPU.Build.0 = Debug|Any CPU
		{167149AD-2739-444D-BBC0-B38B2DCCC1DD}.Release|Any CPU.ActiveCfg = Release|Any CPU
		{167149AD-2739-444D-BBC0-B38B2DCCC1DD}.Release|Any CPU.Build.0 = Release|Any CPU
	EndGlobalSection
	GlobalSection(SolutionProperties) = preSolution
		HideSolutionNode = FALSE
	EndGlobalSection
	GlobalSection(ExtensibilityGlobals) = postSolution
		SolutionGuid = {B15C2A1E-20B7-4FDC-9464-70BC0F31E6D8}
	EndGlobalSection
EndGlobal
